// !$*UTF8*$!
{
	archiveVersion = 1;
	classes = {
	};
	objectVersion = 51;
	objects = {

/* Begin PBXBuildFile section */
		1E109A802306F0D0006BCB82 /* Before.swift in Sources */ = {isa = PBXBuildFile; fileRef = 1E109A7F2306F0D0006BCB82 /* Before.swift */; };
		1E1375EC22E23901009705BB /* AppDelegate.swift in Sources */ = {isa = PBXBuildFile; fileRef = 1E1375EB22E23901009705BB /* AppDelegate.swift */; };
		1E1375F222E23901009705BB /* GameScene.swift in Sources */ = {isa = PBXBuildFile; fileRef = 1E1375F122E23901009705BB /* GameScene.swift */; };
		1E1375F422E23901009705BB /* GameViewController.swift in Sources */ = {isa = PBXBuildFile; fileRef = 1E1375F322E23901009705BB /* GameViewController.swift */; };
		1E1375F722E23901009705BB /* Main.storyboard in Resources */ = {isa = PBXBuildFile; fileRef = 1E1375F522E23901009705BB /* Main.storyboard */; };
		1E1375F922E23903009705BB /* Assets.xcassets in Resources */ = {isa = PBXBuildFile; fileRef = 1E1375F822E23903009705BB /* Assets.xcassets */; };
		1E1375FC22E23903009705BB /* LaunchScreen.storyboard in Resources */ = {isa = PBXBuildFile; fileRef = 1E1375FA22E23903009705BB /* LaunchScreen.storyboard */; };
		1E13760722E23903009705BB /* tissueUITests.swift in Sources */ = {isa = PBXBuildFile; fileRef = 1E13760622E23903009705BB /* tissueUITests.swift */; };
		1E13761222E240AC009705BB /* firstScene.swift in Sources */ = {isa = PBXBuildFile; fileRef = 1E13761122E240AC009705BB /* firstScene.swift */; };
		1E2447982368C0CC00188EAC /* sound4.mp3 in Resources */ = {isa = PBXBuildFile; fileRef = 1E2447952368C0CC00188EAC /* sound4.mp3 */; };
		1E2447992368C0CC00188EAC /* sound1.mp3 in Resources */ = {isa = PBXBuildFile; fileRef = 1E2447962368C0CC00188EAC /* sound1.mp3 */; };
		1E24479A2368C0CC00188EAC /* sound3.mp3 in Resources */ = {isa = PBXBuildFile; fileRef = 1E2447972368C0CC00188EAC /* sound3.mp3 */; };
		1E24479D2368C3E000188EAC /* gameSound2.mp3 in Resources */ = {isa = PBXBuildFile; fileRef = 1E24479B2368C3E000188EAC /* gameSound2.mp3 */; };
		1E24479E2368C3E000188EAC /* gameSound.mp3 in Resources */ = {isa = PBXBuildFile; fileRef = 1E24479C2368C3E000188EAC /* gameSound.mp3 */; };
		1E2447A02368C4F500188EAC /* sound2.mp3 in Resources */ = {isa = PBXBuildFile; fileRef = 1E24479F2368C4F500188EAC /* sound2.mp3 */; };
		1EE9AFEC236B7EAC00EDA8E3 /* GoogleMobileAds.framework in Frameworks */ = {isa = PBXBuildFile; fileRef = 1EE9AFEB236B7EAC00EDA8E3 /* GoogleMobileAds.framework */; };
		1EE9AFEF236B7EE200EDA8E3 /* AdSupport.framework in Frameworks */ = {isa = PBXBuildFile; fileRef = 1EE9AFEE236B7EE200EDA8E3 /* AdSupport.framework */; };
		1EE9AFF1236B7EEB00EDA8E3 /* AudioToolbox.framework in Frameworks */ = {isa = PBXBuildFile; fileRef = 1EE9AFF0236B7EEB00EDA8E3 /* AudioToolbox.framework */; };
		1EE9AFF3236B7EF700EDA8E3 /* AVFoundation.framework in Frameworks */ = {isa = PBXBuildFile; fileRef = 1EE9AFF2236B7EF700EDA8E3 /* AVFoundation.framework */; };
		1EE9AFF5236B7F0600EDA8E3 /* CoreGraphics.framework in Frameworks */ = {isa = PBXBuildFile; fileRef = 1EE9AFF4236B7F0600EDA8E3 /* CoreGraphics.framework */; };
		1EE9AFF7236B7F1A00EDA8E3 /* CoreTelephony.framework in Frameworks */ = {isa = PBXBuildFile; fileRef = 1EE9AFF6236B7F1A00EDA8E3 /* CoreTelephony.framework */; };
		1EE9AFF9236B7F2C00EDA8E3 /* EventKit.framework in Frameworks */ = {isa = PBXBuildFile; fileRef = 1EE9AFF8236B7F2C00EDA8E3 /* EventKit.framework */; };
		1EE9AFFB236B7F3500EDA8E3 /* EventKitUI.framework in Frameworks */ = {isa = PBXBuildFile; fileRef = 1EE9AFFA236B7F3500EDA8E3 /* EventKitUI.framework */; };
		1EE9AFFD236B7F4500EDA8E3 /* MessageUI.framework in Frameworks */ = {isa = PBXBuildFile; fileRef = 1EE9AFFC236B7F4500EDA8E3 /* MessageUI.framework */; };
		1EE9AFFF236B7F5100EDA8E3 /* StoreKit.framework in Frameworks */ = {isa = PBXBuildFile; fileRef = 1EE9AFFE236B7F5100EDA8E3 /* StoreKit.framework */; };
		1EE9B001236B7F6100EDA8E3 /* SystemConfiguration.framework in Frameworks */ = {isa = PBXBuildFile; fileRef = 1EE9B000236B7F6100EDA8E3 /* SystemConfiguration.framework */; };
		1EE9B005236C9EA500EDA8E3 /* kkm_analogtv.ttf in Resources */ = {isa = PBXBuildFile; fileRef = 1EE9B004236C9EA500EDA8E3 /* kkm_analogtv.ttf */; };
		1EE9B007236CA55E00EDA8E3 /* GN-Kin-iro_SansSerif.ttf in Resources */ = {isa = PBXBuildFile; fileRef = 1EE9B006236CA55E00EDA8E3 /* GN-Kin-iro_SansSerif.ttf */; };
		F769C088F79B55557239DB8B /* Pods_tissue_tissueUITests.framework in Frameworks */ = {isa = PBXBuildFile; fileRef = BA752DFCEABDB7C76705A588 /* Pods_tissue_tissueUITests.framework */; };
/* End PBXBuildFile section */

/* Begin PBXContainerItemProxy section */
		1E13760322E23903009705BB /* PBXContainerItemProxy */ = {
			isa = PBXContainerItemProxy;
			containerPortal = 1E1375E022E23901009705BB /* Project object */;
			proxyType = 1;
			remoteGlobalIDString = 1E1375E722E23901009705BB;
			remoteInfo = tissue;
		};
/* End PBXContainerItemProxy section */

/* Begin PBXFileReference section */
		16D016F6AD3CE3CC452DB87A /* Pods-tissue.debug.xcconfig */ = {isa = PBXFileReference; includeInIndex = 1; lastKnownFileType = text.xcconfig; name = "Pods-tissue.debug.xcconfig"; path = "Target Support Files/Pods-tissue/Pods-tissue.debug.xcconfig"; sourceTree = "<group>"; };
		1E109A7F2306F0D0006BCB82 /* Before.swift */ = {isa = PBXFileReference; lastKnownFileType = sourcecode.swift; path = Before.swift; sourceTree = "<group>"; };
		1E1375E822E23901009705BB /* tissue.app */ = {isa = PBXFileReference; explicitFileType = wrapper.application; includeInIndex = 0; path = tissue.app; sourceTree = BUILT_PRODUCTS_DIR; };
		1E1375EB22E23901009705BB /* AppDelegate.swift */ = {isa = PBXFileReference; lastKnownFileType = sourcecode.swift; path = AppDelegate.swift; sourceTree = "<group>"; };
		1E1375F122E23901009705BB /* GameScene.swift */ = {isa = PBXFileReference; lastKnownFileType = sourcecode.swift; path = GameScene.swift; sourceTree = "<group>"; };
		1E1375F322E23901009705BB /* GameViewController.swift */ = {isa = PBXFileReference; lastKnownFileType = sourcecode.swift; path = GameViewController.swift; sourceTree = "<group>"; };
		1E1375F622E23901009705BB /* Base */ = {isa = PBXFileReference; lastKnownFileType = file.storyboard; name = Base; path = Base.lproj/Main.storyboard; sourceTree = "<group>"; };
		1E1375F822E23903009705BB /* Assets.xcassets */ = {isa = PBXFileReference; lastKnownFileType = folder.assetcatalog; path = Assets.xcassets; sourceTree = "<group>"; };
		1E1375FB22E23903009705BB /* Base */ = {isa = PBXFileReference; lastKnownFileType = file.storyboard; name = Base; path = Base.lproj/LaunchScreen.storyboard; sourceTree = "<group>"; };
		1E1375FD22E23903009705BB /* Info.plist */ = {isa = PBXFileReference; lastKnownFileType = text.plist.xml; path = Info.plist; sourceTree = "<group>"; };
		1E13760222E23903009705BB /* tissueUITests.xctest */ = {isa = PBXFileReference; explicitFileType = wrapper.cfbundle; includeInIndex = 0; path = tissueUITests.xctest; sourceTree = BUILT_PRODUCTS_DIR; };
		1E13760622E23903009705BB /* tissueUITests.swift */ = {isa = PBXFileReference; lastKnownFileType = sourcecode.swift; path = tissueUITests.swift; sourceTree = "<group>"; };
		1E13760822E23903009705BB /* Info.plist */ = {isa = PBXFileReference; lastKnownFileType = text.plist.xml; path = Info.plist; sourceTree = "<group>"; };
		1E13761122E240AC009705BB /* firstScene.swift */ = {isa = PBXFileReference; lastKnownFileType = sourcecode.swift; path = firstScene.swift; sourceTree = "<group>"; };
		1E2447952368C0CC00188EAC /* sound4.mp3 */ = {isa = PBXFileReference; lastKnownFileType = audio.mp3; path = sound4.mp3; sourceTree = "<group>"; };
		1E2447962368C0CC00188EAC /* sound1.mp3 */ = {isa = PBXFileReference; lastKnownFileType = audio.mp3; path = sound1.mp3; sourceTree = "<group>"; };
		1E2447972368C0CC00188EAC /* sound3.mp3 */ = {isa = PBXFileReference; lastKnownFileType = audio.mp3; path = sound3.mp3; sourceTree = "<group>"; };
		1E24479B2368C3E000188EAC /* gameSound2.mp3 */ = {isa = PBXFileReference; lastKnownFileType = audio.mp3; path = gameSound2.mp3; sourceTree = "<group>"; };
		1E24479C2368C3E000188EAC /* gameSound.mp3 */ = {isa = PBXFileReference; lastKnownFileType = audio.mp3; path = gameSound.mp3; sourceTree = "<group>"; };
		1E24479F2368C4F500188EAC /* sound2.mp3 */ = {isa = PBXFileReference; lastKnownFileType = audio.mp3; path = sound2.mp3; sourceTree = "<group>"; };
		1EE9AFEB236B7EAC00EDA8E3 /* GoogleMobileAds.framework */ = {isa = PBXFileReference; lastKnownFileType = wrapper.framework; name = GoogleMobileAds.framework; path = "../../../../../Users/kouki/Downloads/GoogleMobileAdsSdkiOS-7.51.0/GoogleMobileAds.framework"; sourceTree = "<group>"; };
		1EE9AFEE236B7EE200EDA8E3 /* AdSupport.framework */ = {isa = PBXFileReference; lastKnownFileType = wrapper.framework; name = AdSupport.framework; path = System/Library/Frameworks/AdSupport.framework; sourceTree = SDKROOT; };
		1EE9AFF0236B7EEB00EDA8E3 /* AudioToolbox.framework */ = {isa = PBXFileReference; lastKnownFileType = wrapper.framework; name = AudioToolbox.framework; path = System/Library/Frameworks/AudioToolbox.framework; sourceTree = SDKROOT; };
		1EE9AFF2236B7EF700EDA8E3 /* AVFoundation.framework */ = {isa = PBXFileReference; lastKnownFileType = wrapper.framework; name = AVFoundation.framework; path = System/Library/Frameworks/AVFoundation.framework; sourceTree = SDKROOT; };
		1EE9AFF4236B7F0600EDA8E3 /* CoreGraphics.framework */ = {isa = PBXFileReference; lastKnownFileType = wrapper.framework; name = CoreGraphics.framework; path = System/Library/Frameworks/CoreGraphics.framework; sourceTree = SDKROOT; };
		1EE9AFF6236B7F1A00EDA8E3 /* CoreTelephony.framework */ = {isa = PBXFileReference; lastKnownFileType = wrapper.framework; name = CoreTelephony.framework; path = System/Library/Frameworks/CoreTelephony.framework; sourceTree = SDKROOT; };
		1EE9AFF8236B7F2C00EDA8E3 /* EventKit.framework */ = {isa = PBXFileReference; lastKnownFileType = wrapper.framework; name = EventKit.framework; path = System/Library/Frameworks/EventKit.framework; sourceTree = SDKROOT; };
		1EE9AFFA236B7F3500EDA8E3 /* EventKitUI.framework */ = {isa = PBXFileReference; lastKnownFileType = wrapper.framework; name = EventKitUI.framework; path = System/Library/Frameworks/EventKitUI.framework; sourceTree = SDKROOT; };
		1EE9AFFC236B7F4500EDA8E3 /* MessageUI.framework */ = {isa = PBXFileReference; lastKnownFileType = wrapper.framework; name = MessageUI.framework; path = System/Library/Frameworks/MessageUI.framework; sourceTree = SDKROOT; };
		1EE9AFFE236B7F5100EDA8E3 /* StoreKit.framework */ = {isa = PBXFileReference; lastKnownFileType = wrapper.framework; name = StoreKit.framework; path = System/Library/Frameworks/StoreKit.framework; sourceTree = SDKROOT; };
		1EE9B000236B7F6100EDA8E3 /* SystemConfiguration.framework */ = {isa = PBXFileReference; lastKnownFileType = wrapper.framework; name = SystemConfiguration.framework; path = System/Library/Frameworks/SystemConfiguration.framework; sourceTree = SDKROOT; };
		1EE9B004236C9EA500EDA8E3 /* kkm_analogtv.ttf */ = {isa = PBXFileReference; lastKnownFileType = file; name = kkm_analogtv.ttf; path = ../../tissueFont/kkm_analogtv.ttf; sourceTree = "<group>"; };
		1EE9B006236CA55E00EDA8E3 /* GN-Kin-iro_SansSerif.ttf */ = {isa = PBXFileReference; lastKnownFileType = file; name = "GN-Kin-iro_SansSerif.ttf"; path = "../../../../../Users/kouki/Downloads/GN-Kin-iro_SansSerif/GN-Kin-iro_SansSerif.ttf"; sourceTree = "<group>"; };
		43C7D7143B7724355F2775DA /* Pods-tissue-tissueUITests.debug.xcconfig */ = {isa = PBXFileReference; includeInIndex = 1; lastKnownFileType = text.xcconfig; name = "Pods-tissue-tissueUITests.debug.xcconfig"; path = "Target Support Files/Pods-tissue-tissueUITests/Pods-tissue-tissueUITests.debug.xcconfig"; sourceTree = "<group>"; };
		74C743ED7A7EE12F6AB310F6 /* Pods_tissue.framework */ = {isa = PBXFileReference; explicitFileType = wrapper.framework; includeInIndex = 0; path = Pods_tissue.framework; sourceTree = BUILT_PRODUCTS_DIR; };
		BA752DFCEABDB7C76705A588 /* Pods_tissue_tissueUITests.framework */ = {isa = PBXFileReference; explicitFileType = wrapper.framework; includeInIndex = 0; path = Pods_tissue_tissueUITests.framework; sourceTree = BUILT_PRODUCTS_DIR; };
		CEB7D43D6DD1BA0D51261667 /* Pods-tissue.release.xcconfig */ = {isa = PBXFileReference; includeInIndex = 1; lastKnownFileType = text.xcconfig; name = "Pods-tissue.release.xcconfig"; path = "Target Support Files/Pods-tissue/Pods-tissue.release.xcconfig"; sourceTree = "<group>"; };
		D3F28E640A704D3ABE26AE5D /* Pods-tissue-tissueUITests.release.xcconfig */ = {isa = PBXFileReference; includeInIndex = 1; lastKnownFileType = text.xcconfig; name = "Pods-tissue-tissueUITests.release.xcconfig"; path = "Target Support Files/Pods-tissue-tissueUITests/Pods-tissue-tissueUITests.release.xcconfig"; sourceTree = "<group>"; };
/* End PBXFileReference section */

/* Begin PBXFrameworksBuildPhase section */
		1E1375E522E23901009705BB /* Frameworks */ = {
			isa = PBXFrameworksBuildPhase;
			buildActionMask = 2147483647;
			files = (
				1EE9AFFB236B7F3500EDA8E3 /* EventKitUI.framework in Frameworks */,
				1EE9AFF3236B7EF700EDA8E3 /* AVFoundation.framework in Frameworks */,
				1EE9AFEC236B7EAC00EDA8E3 /* GoogleMobileAds.framework in Frameworks */,
				1EE9AFF9236B7F2C00EDA8E3 /* EventKit.framework in Frameworks */,
				1EE9AFEF236B7EE200EDA8E3 /* AdSupport.framework in Frameworks */,
				1EE9AFF5236B7F0600EDA8E3 /* CoreGraphics.framework in Frameworks */,
				1EE9B001236B7F6100EDA8E3 /* SystemConfiguration.framework in Frameworks */,
				1EE9AFF7236B7F1A00EDA8E3 /* CoreTelephony.framework in Frameworks */,
				1EE9AFFF236B7F5100EDA8E3 /* StoreKit.framework in Frameworks */,
				1EE9AFF1236B7EEB00EDA8E3 /* AudioToolbox.framework in Frameworks */,
				1EE9AFFD236B7F4500EDA8E3 /* MessageUI.framework in Frameworks */,
			);
			runOnlyForDeploymentPostprocessing = 0;
		};
		1E1375FF22E23903009705BB /* Frameworks */ = {
			isa = PBXFrameworksBuildPhase;
			buildActionMask = 2147483647;
			files = (
				F769C088F79B55557239DB8B /* Pods_tissue_tissueUITests.framework in Frameworks */,
			);
			runOnlyForDeploymentPostprocessing = 0;
		};
/* End PBXFrameworksBuildPhase section */

/* Begin PBXGroup section */
		1E1375DF22E23901009705BB = {
			isa = PBXGroup;
			children = (
				1E1375EA22E23901009705BB /* tissue */,
				1E13760522E23903009705BB /* tissueUITests */,
				1E1375E922E23901009705BB /* Products */,
				D1FE06A69076DA8E1124E7CC /* Pods */,
				1EE9AFED236B7EE200EDA8E3 /* Frameworks */,
			);
			sourceTree = "<group>";
		};
		1E1375E922E23901009705BB /* Products */ = {
			isa = PBXGroup;
			children = (
				1E1375E822E23901009705BB /* tissue.app */,
				1E13760222E23903009705BB /* tissueUITests.xctest */,
			);
			name = Products;
			sourceTree = "<group>";
		};
		1E1375EA22E23901009705BB /* tissue */ = {
			isa = PBXGroup;
			children = (
				1EE9B006236CA55E00EDA8E3 /* GN-Kin-iro_SansSerif.ttf */,
				1EE9AFEB236B7EAC00EDA8E3 /* GoogleMobileAds.framework */,
				1E24479C2368C3E000188EAC /* gameSound.mp3 */,
				1E24479B2368C3E000188EAC /* gameSound2.mp3 */,
				1E2447962368C0CC00188EAC /* sound1.mp3 */,
				1E24479F2368C4F500188EAC /* sound2.mp3 */,
				1E2447972368C0CC00188EAC /* sound3.mp3 */,
				1E2447952368C0CC00188EAC /* sound4.mp3 */,
				1E1375EB22E23901009705BB /* AppDelegate.swift */,
				1E1375F122E23901009705BB /* GameScene.swift */,
				1E1375F322E23901009705BB /* GameViewController.swift */,
				1E1375F522E23901009705BB /* Main.storyboard */,
				1E1375F822E23903009705BB /* Assets.xcassets */,
				1E1375FA22E23903009705BB /* LaunchScreen.storyboard */,
				1E13761122E240AC009705BB /* firstScene.swift */,
				1E109A7F2306F0D0006BCB82 /* Before.swift */,
				1EE9B004236C9EA500EDA8E3 /* kkm_analogtv.ttf */,
				1E1375FD22E23903009705BB /* Info.plist */,
			);
			path = tissue;
			sourceTree = "<group>";
		};
		1E13760522E23903009705BB /* tissueUITests */ = {
			isa = PBXGroup;
			children = (
				1E13760622E23903009705BB /* tissueUITests.swift */,
				1E13760822E23903009705BB /* Info.plist */,
			);
			path = tissueUITests;
			sourceTree = "<group>";
		};
		1EE9AFED236B7EE200EDA8E3 /* Frameworks */ = {
			isa = PBXGroup;
			children = (
				1EE9B000236B7F6100EDA8E3 /* SystemConfiguration.framework */,
				1EE9AFFE236B7F5100EDA8E3 /* StoreKit.framework */,
				1EE9AFFC236B7F4500EDA8E3 /* MessageUI.framework */,
				1EE9AFFA236B7F3500EDA8E3 /* EventKitUI.framework */,
				1EE9AFF8236B7F2C00EDA8E3 /* EventKit.framework */,
				1EE9AFF6236B7F1A00EDA8E3 /* CoreTelephony.framework */,
				1EE9AFF4236B7F0600EDA8E3 /* CoreGraphics.framework */,
				1EE9AFF2236B7EF700EDA8E3 /* AVFoundation.framework */,
				1EE9AFF0236B7EEB00EDA8E3 /* AudioToolbox.framework */,
				1EE9AFEE236B7EE200EDA8E3 /* AdSupport.framework */,
				74C743ED7A7EE12F6AB310F6 /* Pods_tissue.framework */,
				BA752DFCEABDB7C76705A588 /* Pods_tissue_tissueUITests.framework */,
			);
			name = Frameworks;
			sourceTree = "<group>";
		};
		D1FE06A69076DA8E1124E7CC /* Pods */ = {
			isa = PBXGroup;
			children = (
				16D016F6AD3CE3CC452DB87A /* Pods-tissue.debug.xcconfig */,
				CEB7D43D6DD1BA0D51261667 /* Pods-tissue.release.xcconfig */,
				43C7D7143B7724355F2775DA /* Pods-tissue-tissueUITests.debug.xcconfig */,
				D3F28E640A704D3ABE26AE5D /* Pods-tissue-tissueUITests.release.xcconfig */,
			);
			path = Pods;
			sourceTree = "<group>";
		};
/* End PBXGroup section */

/* Begin PBXNativeTarget section */
		1E1375E722E23901009705BB /* tissue */ = {
			isa = PBXNativeTarget;
			buildConfigurationList = 1E13760B22E23903009705BB /* Build configuration list for PBXNativeTarget "tissue" */;
			buildPhases = (
				7891D0E35FEAEFFFBE498AEB /* [CP] Check Pods Manifest.lock */,
				1E1375E422E23901009705BB /* Sources */,
				1E1375E522E23901009705BB /* Frameworks */,
				1E1375E622E23901009705BB /* Resources */,
				EBE8A5756CBCA3D644618AF7 /* [CP] Embed Pods Frameworks */,
				2692B0DF733673606F769194 /* [CP] Copy Pods Resources */,
			);
			buildRules = (
			);
			dependencies = (
			);
			name = tissue;
			productName = tissue;
			productReference = 1E1375E822E23901009705BB /* tissue.app */;
			productType = "com.apple.product-type.application";
		};
		1E13760122E23903009705BB /* tissueUITests */ = {
			isa = PBXNativeTarget;
			buildConfigurationList = 1E13760E22E23903009705BB /* Build configuration list for PBXNativeTarget "tissueUITests" */;
			buildPhases = (
				2598261A44B086059821B349 /* [CP] Check Pods Manifest.lock */,
				1E1375FE22E23903009705BB /* Sources */,
				1E1375FF22E23903009705BB /* Frameworks */,
				1E13760022E23903009705BB /* Resources */,
				4D49DFA704EB13B9D6599EE4 /* [CP] Embed Pods Frameworks */,
				2AE1146FB02245D75AEC21A8 /* [CP] Copy Pods Resources */,
			);
			buildRules = (
			);
			dependencies = (
				1E13760422E23903009705BB /* PBXTargetDependency */,
			);
			name = tissueUITests;
			productName = tissueUITests;
			productReference = 1E13760222E23903009705BB /* tissueUITests.xctest */;
			productType = "com.apple.product-type.bundle.ui-testing";
		};
/* End PBXNativeTarget section */

/* Begin PBXProject section */
		1E1375E022E23901009705BB /* Project object */ = {
			isa = PBXProject;
			attributes = {
				LastSwiftUpdateCheck = 0940;
				LastUpgradeCheck = 0940;
				ORGANIZATIONNAME = koki.yamaguchi;
				TargetAttributes = {
					1E1375E722E23901009705BB = {
						CreatedOnToolsVersion = 9.4.1;
					};
					1E13760122E23903009705BB = {
						CreatedOnToolsVersion = 9.4.1;
						TestTargetID = 1E1375E722E23901009705BB;
					};
				};
			};
			buildConfigurationList = 1E1375E322E23901009705BB /* Build configuration list for PBXProject "tissue" */;
			compatibilityVersion = "Xcode 9.3";
			developmentRegion = en;
			hasScannedForEncodings = 0;
			knownRegions = (
				en,
				Base,
			);
			mainGroup = 1E1375DF22E23901009705BB;
			productRefGroup = 1E1375E922E23901009705BB /* Products */;
			projectDirPath = "";
			projectRoot = "";
			targets = (
				1E1375E722E23901009705BB /* tissue */,
				1E13760122E23903009705BB /* tissueUITests */,
			);
		};
/* End PBXProject section */

/* Begin PBXResourcesBuildPhase section */
		1E1375E622E23901009705BB /* Resources */ = {
			isa = PBXResourcesBuildPhase;
			buildActionMask = 2147483647;
			files = (
				1E2447992368C0CC00188EAC /* sound1.mp3 in Resources */,
				1E1375F722E23901009705BB /* Main.storyboard in Resources */,
				1E24479D2368C3E000188EAC /* gameSound2.mp3 in Resources */,
				1E1375F922E23903009705BB /* Assets.xcassets in Resources */,
				1E24479A2368C0CC00188EAC /* sound3.mp3 in Resources */,
				1E2447A02368C4F500188EAC /* sound2.mp3 in Resources */,
				1EE9B007236CA55E00EDA8E3 /* GN-Kin-iro_SansSerif.ttf in Resources */,
				1EE9B005236C9EA500EDA8E3 /* kkm_analogtv.ttf in Resources */,
				1E2447982368C0CC00188EAC /* sound4.mp3 in Resources */,
				1E24479E2368C3E000188EAC /* gameSound.mp3 in Resources */,
				1E1375FC22E23903009705BB /* LaunchScreen.storyboard in Resources */,
			);
			runOnlyForDeploymentPostprocessing = 0;
		};
		1E13760022E23903009705BB /* Resources */ = {
			isa = PBXResourcesBuildPhase;
			buildActionMask = 2147483647;
			files = (
			);
			runOnlyForDeploymentPostprocessing = 0;
		};
/* End PBXResourcesBuildPhase section */

/* Begin PBXShellScriptBuildPhase section */
		2598261A44B086059821B349 /* [CP] Check Pods Manifest.lock */ = {
			isa = PBXShellScriptBuildPhase;
			buildActionMask = 2147483647;
			files = (
			);
			inputFileListPaths = (
			);
			inputPaths = (
				"${PODS_PODFILE_DIR_PATH}/Podfile.lock",
				"${PODS_ROOT}/Manifest.lock",
			);
			name = "[CP] Check Pods Manifest.lock";
			outputFileListPaths = (
			);
			outputPaths = (
				"$(DERIVED_FILE_DIR)/Pods-tissue-tissueUITests-checkManifestLockResult.txt",
			);
			runOnlyForDeploymentPostprocessing = 0;
			shellPath = /bin/sh;
			shellScript = "diff \"${PODS_PODFILE_DIR_PATH}/Podfile.lock\" \"${PODS_ROOT}/Manifest.lock\" > /dev/null\nif [ $? != 0 ] ; then\n    # print error to STDERR\n    echo \"error: The sandbox is not in sync with the Podfile.lock. Run 'pod install' or update your CocoaPods installation.\" >&2\n    exit 1\nfi\n# This output is used by Xcode 'outputs' to avoid re-running this script phase.\necho \"SUCCESS\" > \"${SCRIPT_OUTPUT_FILE_0}\"\n";
			showEnvVarsInLog = 0;
		};
		2692B0DF733673606F769194 /* [CP] Copy Pods Resources */ = {
			isa = PBXShellScriptBuildPhase;
			buildActionMask = 2147483647;
			files = (
			);
			inputFileListPaths = (
				"${PODS_ROOT}/Target Support Files/Pods-tissue/Pods-tissue-resources-${CONFIGURATION}-input-files.xcfilelist",
			);
			name = "[CP] Copy Pods Resources";
			outputFileListPaths = (
				"${PODS_ROOT}/Target Support Files/Pods-tissue/Pods-tissue-resources-${CONFIGURATION}-output-files.xcfilelist",
			);
			runOnlyForDeploymentPostprocessing = 0;
			shellPath = /bin/sh;
			shellScript = "\"${PODS_ROOT}/Target Support Files/Pods-tissue/Pods-tissue-resources.sh\"\n";
			showEnvVarsInLog = 0;
		};
		2AE1146FB02245D75AEC21A8 /* [CP] Copy Pods Resources */ = {
			isa = PBXShellScriptBuildPhase;
			buildActionMask = 2147483647;
			files = (
			);
			inputFileListPaths = (
				"${PODS_ROOT}/Target Support Files/Pods-tissue-tissueUITests/Pods-tissue-tissueUITests-resources-${CONFIGURATION}-input-files.xcfilelist",
			);
			name = "[CP] Copy Pods Resources";
			outputFileListPaths = (
				"${PODS_ROOT}/Target Support Files/Pods-tissue-tissueUITests/Pods-tissue-tissueUITests-resources-${CONFIGURATION}-output-files.xcfilelist",
			);
			runOnlyForDeploymentPostprocessing = 0;
			shellPath = /bin/sh;
			shellScript = "\"${PODS_ROOT}/Target Support Files/Pods-tissue-tissueUITests/Pods-tissue-tissueUITests-resources.sh\"\n";
			showEnvVarsInLog = 0;
		};
		4D49DFA704EB13B9D6599EE4 /* [CP] Embed Pods Frameworks */ = {
			isa = PBXShellScriptBuildPhase;
			buildActionMask = 2147483647;
			files = (
			);
			inputFileListPaths = (
				"${PODS_ROOT}/Target Support Files/Pods-tissue-tissueUITests/Pods-tissue-tissueUITests-frameworks-${CONFIGURATION}-input-files.xcfilelist",
			);
			name = "[CP] Embed Pods Frameworks";
			outputFileListPaths = (
				"${PODS_ROOT}/Target Support Files/Pods-tissue-tissueUITests/Pods-tissue-tissueUITests-frameworks-${CONFIGURATION}-output-files.xcfilelist",
			);
			runOnlyForDeploymentPostprocessing = 0;
			shellPath = /bin/sh;
			shellScript = "\"${PODS_ROOT}/Target Support Files/Pods-tissue-tissueUITests/Pods-tissue-tissueUITests-frameworks.sh\"\n";
			showEnvVarsInLog = 0;
		};
		7891D0E35FEAEFFFBE498AEB /* [CP] Check Pods Manifest.lock */ = {
			isa = PBXShellScriptBuildPhase;
			buildActionMask = 2147483647;
			files = (
			);
			inputFileListPaths = (
			);
			inputPaths = (
				"${PODS_PODFILE_DIR_PATH}/Podfile.lock",
				"${PODS_ROOT}/Manifest.lock",
			);
			name = "[CP] Check Pods Manifest.lock";
			outputFileListPaths = (
			);
			outputPaths = (
				"$(DERIVED_FILE_DIR)/Pods-tissue-checkManifestLockResult.txt",
			);
			runOnlyForDeploymentPostprocessing = 0;
			shellPath = /bin/sh;
			shellScript = "diff \"${PODS_PODFILE_DIR_PATH}/Podfile.lock\" \"${PODS_ROOT}/Manifest.lock\" > /dev/null\nif [ $? != 0 ] ; then\n    # print error to STDERR\n    echo \"error: The sandbox is not in sync with the Podfile.lock. Run 'pod install' or update your CocoaPods installation.\" >&2\n    exit 1\nfi\n# This output is used by Xcode 'outputs' to avoid re-running this script phase.\necho \"SUCCESS\" > \"${SCRIPT_OUTPUT_FILE_0}\"\n";
			showEnvVarsInLog = 0;
		};
		EBE8A5756CBCA3D644618AF7 /* [CP] Embed Pods Frameworks */ = {
			isa = PBXShellScriptBuildPhase;
			buildActionMask = 2147483647;
			files = (
			);
			inputFileListPaths = (
				"${PODS_ROOT}/Target Support Files/Pods-tissue/Pods-tissue-frameworks-${CONFIGURATION}-input-files.xcfilelist",
			);
			name = "[CP] Embed Pods Frameworks";
			outputFileListPaths = (
				"${PODS_ROOT}/Target Support Files/Pods-tissue/Pods-tissue-frameworks-${CONFIGURATION}-output-files.xcfilelist",
			);
			runOnlyForDeploymentPostprocessing = 0;
			shellPath = /bin/sh;
			shellScript = "\"${PODS_ROOT}/Target Support Files/Pods-tissue/Pods-tissue-frameworks.sh\"\n";
			showEnvVarsInLog = 0;
		};
/* End PBXShellScriptBuildPhase section */

/* Begin PBXSourcesBuildPhase section */
		1E1375E422E23901009705BB /* Sources */ = {
			isa = PBXSourcesBuildPhase;
			buildActionMask = 2147483647;
			files = (
				1E1375F222E23901009705BB /* GameScene.swift in Sources */,
				1E13761222E240AC009705BB /* firstScene.swift in Sources */,
				1E1375F422E23901009705BB /* GameViewController.swift in Sources */,
				1E1375EC22E23901009705BB /* AppDelegate.swift in Sources */,
				1E109A802306F0D0006BCB82 /* Before.swift in Sources */,
			);
			runOnlyForDeploymentPostprocessing = 0;
		};
		1E1375FE22E23903009705BB /* Sources */ = {
			isa = PBXSourcesBuildPhase;
			buildActionMask = 2147483647;
			files = (
				1E13760722E23903009705BB /* tissueUITests.swift in Sources */,
			);
			runOnlyForDeploymentPostprocessing = 0;
		};
/* End PBXSourcesBuildPhase section */

/* Begin PBXTargetDependency section */
		1E13760422E23903009705BB /* PBXTargetDependency */ = {
			isa = PBXTargetDependency;
			target = 1E1375E722E23901009705BB /* tissue */;
			targetProxy = 1E13760322E23903009705BB /* PBXContainerItemProxy */;
		};
/* End PBXTargetDependency section */

/* Begin PBXVariantGroup section */
		1E1375F522E23901009705BB /* Main.storyboard */ = {
			isa = PBXVariantGroup;
			children = (
				1E1375F622E23901009705BB /* Base */,
			);
			name = Main.storyboard;
			sourceTree = "<group>";
		};
		1E1375FA22E23903009705BB /* LaunchScreen.storyboard */ = {
			isa = PBXVariantGroup;
			children = (
				1E1375FB22E23903009705BB /* Base */,
			);
			name = LaunchScreen.storyboard;
			sourceTree = "<group>";
		};
/* End PBXVariantGroup section */

/* Begin XCBuildConfiguration section */
		1E13760922E23903009705BB /* Debug */ = {
			isa = XCBuildConfiguration;
			buildSettings = {
				ALWAYS_SEARCH_USER_PATHS = NO;
				CLANG_ANALYZER_NONNULL = YES;
				CLANG_ANALYZER_NUMBER_OBJECT_CONVERSION = YES_AGGRESSIVE;
				CLANG_CXX_LANGUAGE_STANDARD = "gnu++14";
				CLANG_CXX_LIBRARY = "libc++";
				CLANG_ENABLE_MODULES = YES;
				CLANG_ENABLE_OBJC_ARC = YES;
				CLANG_ENABLE_OBJC_WEAK = YES;
				CLANG_WARN_BLOCK_CAPTURE_AUTORELEASING = YES;
				CLANG_WARN_BOOL_CONVERSION = YES;
				CLANG_WARN_COMMA = YES;
				CLANG_WARN_CONSTANT_CONVERSION = YES;
				CLANG_WARN_DEPRECATED_OBJC_IMPLEMENTATIONS = YES;
				CLANG_WARN_DIRECT_OBJC_ISA_USAGE = YES_ERROR;
				CLANG_WARN_DOCUMENTATION_COMMENTS = YES;
				CLANG_WARN_EMPTY_BODY = YES;
				CLANG_WARN_ENUM_CONVERSION = YES;
				CLANG_WARN_INFINITE_RECURSION = YES;
				CLANG_WARN_INT_CONVERSION = YES;
				CLANG_WARN_NON_LITERAL_NULL_CONVERSION = YES;
				CLANG_WARN_OBJC_IMPLICIT_RETAIN_SELF = YES;
				CLANG_WARN_OBJC_LITERAL_CONVERSION = YES;
				CLANG_WARN_OBJC_ROOT_CLASS = YES_ERROR;
				CLANG_WARN_RANGE_LOOP_ANALYSIS = YES;
				CLANG_WARN_STRICT_PROTOTYPES = YES;
				CLANG_WARN_SUSPICIOUS_MOVE = YES;
				CLANG_WARN_UNGUARDED_AVAILABILITY = YES_AGGRESSIVE;
				CLANG_WARN_UNREACHABLE_CODE = YES;
				CLANG_WARN__DUPLICATE_METHOD_MATCH = YES;
				CODE_SIGN_IDENTITY = "iPhone Developer";
				COPY_PHASE_STRIP = NO;
				DEBUG_INFORMATION_FORMAT = dwarf;
				ENABLE_STRICT_OBJC_MSGSEND = YES;
				ENABLE_TESTABILITY = YES;
				GCC_C_LANGUAGE_STANDARD = gnu11;
				GCC_DYNAMIC_NO_PIC = NO;
				GCC_NO_COMMON_BLOCKS = YES;
				GCC_OPTIMIZATION_LEVEL = 0;
				GCC_PREPROCESSOR_DEFINITIONS = (
					"DEBUG=1",
					"$(inherited)",
				);
				GCC_WARN_64_TO_32_BIT_CONVERSION = YES;
				GCC_WARN_ABOUT_RETURN_TYPE = YES_ERROR;
				GCC_WARN_UNDECLARED_SELECTOR = YES;
				GCC_WARN_UNINITIALIZED_AUTOS = YES_AGGRESSIVE;
				GCC_WARN_UNUSED_FUNCTION = YES;
				GCC_WARN_UNUSED_VARIABLE = YES;
				IPHONEOS_DEPLOYMENT_TARGET = 11.4;
				MTL_ENABLE_DEBUG_INFO = YES;
				ONLY_ACTIVE_ARCH = NO;
				SDKROOT = iphoneos;
				SWIFT_ACTIVE_COMPILATION_CONDITIONS = DEBUG;
				SWIFT_OPTIMIZATION_LEVEL = "-Onone";
			};
			name = Debug;
		};
		1E13760A22E23903009705BB /* Release */ = {
			isa = XCBuildConfiguration;
			buildSettings = {
				ALWAYS_SEARCH_USER_PATHS = NO;
				CLANG_ANALYZER_NONNULL = YES;
				CLANG_ANALYZER_NUMBER_OBJECT_CONVERSION = YES_AGGRESSIVE;
				CLANG_CXX_LANGUAGE_STANDARD = "gnu++14";
				CLANG_CXX_LIBRARY = "libc++";
				CLANG_ENABLE_MODULES = YES;
				CLANG_ENABLE_OBJC_ARC = YES;
				CLANG_ENABLE_OBJC_WEAK = YES;
				CLANG_WARN_BLOCK_CAPTURE_AUTORELEASING = YES;
				CLANG_WARN_BOOL_CONVERSION = YES;
				CLANG_WARN_COMMA = YES;
				CLANG_WARN_CONSTANT_CONVERSION = YES;
				CLANG_WARN_DEPRECATED_OBJC_IMPLEMENTATIONS = YES;
				CLANG_WARN_DIRECT_OBJC_ISA_USAGE = YES_ERROR;
				CLANG_WARN_DOCUMENTATION_COMMENTS = YES;
				CLANG_WARN_EMPTY_BODY = YES;
				CLANG_WARN_ENUM_CONVERSION = YES;
				CLANG_WARN_INFINITE_RECURSION = YES;
				CLANG_WARN_INT_CONVERSION = YES;
				CLANG_WARN_NON_LITERAL_NULL_CONVERSION = YES;
				CLANG_WARN_OBJC_IMPLICIT_RETAIN_SELF = YES;
				CLANG_WARN_OBJC_LITERAL_CONVERSION = YES;
				CLANG_WARN_OBJC_ROOT_CLASS = YES_ERROR;
				CLANG_WARN_RANGE_LOOP_ANALYSIS = YES;
				CLANG_WARN_STRICT_PROTOTYPES = YES;
				CLANG_WARN_SUSPICIOUS_MOVE = YES;
				CLANG_WARN_UNGUARDED_AVAILABILITY = YES_AGGRESSIVE;
				CLANG_WARN_UNREACHABLE_CODE = YES;
				CLANG_WARN__DUPLICATE_METHOD_MATCH = YES;
				CODE_SIGN_IDENTITY = "iPhone Developer";
				COPY_PHASE_STRIP = NO;
				DEBUG_INFORMATION_FORMAT = "dwarf-with-dsym";
				ENABLE_NS_ASSERTIONS = NO;
				ENABLE_STRICT_OBJC_MSGSEND = YES;
				GCC_C_LANGUAGE_STANDARD = gnu11;
				GCC_NO_COMMON_BLOCKS = YES;
				GCC_WARN_64_TO_32_BIT_CONVERSION = YES;
				GCC_WARN_ABOUT_RETURN_TYPE = YES_ERROR;
				GCC_WARN_UNDECLARED_SELECTOR = YES;
				GCC_WARN_UNINITIALIZED_AUTOS = YES_AGGRESSIVE;
				GCC_WARN_UNUSED_FUNCTION = YES;
				GCC_WARN_UNUSED_VARIABLE = YES;
				IPHONEOS_DEPLOYMENT_TARGET = 11.4;
				MTL_ENABLE_DEBUG_INFO = NO;
				ONLY_ACTIVE_ARCH = NO;
				SDKROOT = iphoneos;
				SWIFT_COMPILATION_MODE = wholemodule;
				SWIFT_OPTIMIZATION_LEVEL = "-O";
				VALIDATE_PRODUCT = YES;
			};
			name = Release;
		};
		1E13760C22E23903009705BB /* Debug */ = {
			isa = XCBuildConfiguration;
			baseConfigurationReference = 16D016F6AD3CE3CC452DB87A /* Pods-tissue.debug.xcconfig */;
			buildSettings = {
				ALWAYS_EMBED_SWIFT_STANDARD_LIBRARIES = YES;
				ASSETCATALOG_COMPILER_APPICON_NAME = AppIcon;
				CODE_SIGN_STYLE = Automatic;
				DEVELOPMENT_TEAM = Z3BS9GW6DM;
				FRAMEWORK_SEARCH_PATHS = (
					"$(inherited)",
					"$(PROJECT_DIR)/tissue",
				);
				INFOPLIST_FILE = tissue/Info.plist;
				IPHONEOS_DEPLOYMENT_TARGET = 9.0;
				LD_RUNPATH_SEARCH_PATHS = (
					"$(inherited)",
					"@executable_path/Frameworks",
				);
				OTHER_LDFLAGS = "";
				PRODUCT_BUNDLE_IDENTIFIER = com.kokiyamguchi.tissue;
				PRODUCT_NAME = "$(TARGET_NAME)";
				SWIFT_VERSION = 4.0;
				TARGETED_DEVICE_FAMILY = "1,2";
				VALID_ARCHS = "arm64e armv7 armv7s arm64";
			};
			name = Debug;
		};
		1E13760D22E23903009705BB /* Release */ = {
			isa = XCBuildConfiguration;
			baseConfigurationReference = CEB7D43D6DD1BA0D51261667 /* Pods-tissue.release.xcconfig */;
			buildSettings = {
				ALWAYS_EMBED_SWIFT_STANDARD_LIBRARIES = YES;
				ASSETCATALOG_COMPILER_APPICON_NAME = AppIcon;
				CODE_SIGN_STYLE = Automatic;
				DEVELOPMENT_TEAM = Z3BS9GW6DM;
				FRAMEWORK_SEARCH_PATHS = (
					"$(inherited)",
					"$(PROJECT_DIR)/tissue",
				);
				INFOPLIST_FILE = tissue/Info.plist;
				IPHONEOS_DEPLOYMENT_TARGET = 9.0;
				LD_RUNPATH_SEARCH_PATHS = (
					"$(inherited)",
					"@executable_path/Frameworks",
				);
				OTHER_LDFLAGS = "";
				PRODUCT_BUNDLE_IDENTIFIER = com.kokiyamguchi.tissue;
				PRODUCT_NAME = "$(TARGET_NAME)";
				SWIFT_VERSION = 4.0;
				TARGETED_DEVICE_FAMILY = "1,2";
				VALID_ARCHS = "arm64e armv7 armv7s arm64";
			};
			name = Release;
		};
		1E13760F22E23903009705BB /* Debug */ = {
			isa = XCBuildConfiguration;
			baseConfigurationReference = 43C7D7143B7724355F2775DA /* Pods-tissue-tissueUITests.debug.xcconfig */;
			buildSettings = {
				ALWAYS_EMBED_SWIFT_STANDARD_LIBRARIES = YES;
				CODE_SIGN_STYLE = Automatic;
				INFOPLIST_FILE = tissueUITests/Info.plist;
				LD_RUNPATH_SEARCH_PATHS = (
					"$(inherited)",
					"@executable_path/Frameworks",
					"@loader_path/Frameworks",
				);
				PRODUCT_BUNDLE_IDENTIFIER = jp.techacademy.koki.yamguchi.tissueUITests;
				PRODUCT_NAME = "$(TARGET_NAME)";
				SWIFT_VERSION = 4.0;
				TARGETED_DEVICE_FAMILY = "1,2";
				TEST_TARGET_NAME = tissue;
			};
			name = Debug;
		};
		1E13761022E23903009705BB /* Release */ = {
			isa = XCBuildConfiguration;
			baseConfigurationReference = D3F28E640A704D3ABE26AE5D /* Pods-tissue-tissueUITests.release.xcconfig */;
			buildSettings = {
				ALWAYS_EMBED_SWIFT_STANDARD_LIBRARIES = YES;
				CODE_SIGN_STYLE = Automatic;
				INFOPLIST_FILE = tissueUITests/Info.plist;
				LD_RUNPATH_SEARCH_PATHS = (
					"$(inherited)",
					"@executable_path/Frameworks",
					"@loader_path/Frameworks",
				);
				PRODUCT_BUNDLE_IDENTIFIER = jp.techacademy.koki.yamguchi.tissueUITests;
				PRODUCT_NAME = "$(TARGET_NAME)";
				SWIFT_VERSION = 4.0;
				TARGETED_DEVICE_FAMILY = "1,2";
				TEST_TARGET_NAME = tissue;
			};
			name = Release;
		};
/* End XCBuildConfiguration section */

/* Begin XCConfigurationList section */
		1E1375E322E23901009705BB /* Build configuration list for PBXProject "tissue" */ = {
			isa = XCConfigurationList;
			buildConfigurations = (
				1E13760922E23903009705BB /* Debug */,
				1E13760A22E23903009705BB /* Release */,
			);
			defaultConfigurationIsVisible = 0;
			defaultConfigurationName = Release;
		};
		1E13760B22E23903009705BB /* Build configuration list for PBXNativeTarget "tissue" */ = {
			isa = XCConfigurationList;
			buildConfigurations = (
				1E13760C22E23903009705BB /* Debug */,
				1E13760D22E23903009705BB /* Release */,
			);
			defaultConfigurationIsVisible = 0;
			defaultConfigurationName = Release;
		};
		1E13760E22E23903009705BB /* Build configuration list for PBXNativeTarget "tissueUITests" */ = {
			isa = XCConfigurationList;
			buildConfigurations = (
				1E13760F22E23903009705BB /* Debug */,
				1E13761022E23903009705BB /* Release */,
			);
			defaultConfigurationIsVisible = 0;
			defaultConfigurationName = Release;
		};
/* End XCConfigurationList section */
	};
	rootObject = 1E1375E022E23901009705BB /* Project object */;
}
